
Microsoft Visual Studio Solution File, Format Version 12.00
# Visual Studio Version 17
VisualStudioVersion = 17.3.32901.215
MinimumVisualStudioVersion = 10.0.40219.1
Project("{FAE04EC0-301F-11D3-BF4B-00C04F79EFBC}") = "Assignment4", "Assignment4\Assignment4.csproj", "{EB816EA0-E4F4-4ECE-8179-97577137E40A}"
EndProject
Project("{FAE04EC0-301F-11D3-BF4B-00C04F79EFBC}") = "Assignment4Tests", "Assignment4Tests\Assignment4Tests.csproj", "{5B8D6A3B-96A8-4A80-B596-E076601A14A8}"
EndProject
Global
	GlobalSection(SolutionConfigurationPlatforms) = preSolution
		Debug|Any CPU = Debug|Any CPU
		Release|Any CPU = Release|Any CPU
	EndGlobalSection
	GlobalSection(ProjectConfigurationPlatforms) = postSolution
		{EB816EA0-E4F4-4ECE-8179-97577137E40A}.Debug|Any CPU.ActiveCfg = Debug|Any CPU
		{EB816EA0-E4F4-4ECE-8179-97577137E40A}.Debug|Any CPU.Build.0 = Debug|Any CPU
		{EB816EA0-E4F4-4ECE-8179-97577137E40A}.Release|Any CPU.ActiveCfg = Release|Any CPU
		{EB816EA0-E4F4-4ECE-8179-97577137E40A}.Release|Any CPU.Build.0 = Release|Any CPU
		{5B8D6A3B-96A8-4A80-B596-E076601A14A8}.Debug|Any CPU.ActiveCfg = Debug|Any CPU
		{5B8D6A3B-96A8-4A80-B596-E076601A14A8}.Debug|Any CPU.Build.0 = Debug|Any CPU
		{5B8D6A3B-96A8-4A80-B596-E076601A14A8}.Release|Any CPU.ActiveCfg = Release|Any CPU
		{5B8D6A3B-96A8-4A80-B596-E076601A14A8}.Release|Any CPU.Build.0 = Release|Any CPU
	EndGlobalSection
	GlobalSection(SolutionProperties) = preSolution
		HideSolutionNode = FALSE
	EndGlobalSection
	GlobalSection(ExtensibilityGlobals) = postSolution
		SolutionGuid = {BEAED904-B63A-437B-A808-56F20B933142}
	EndGlobalSection
EndGlobal
